// !$*UTF8*$!
{
	archiveVersion = 1;
	classes = {
	};
	objectVersion = 50;
	objects = {

/* Begin PBXBuildFile section */
		FDAF012B27179A3D00215CBC /* ListGiraffeApp.swift in Sources */ = {isa = PBXBuildFile; fileRef = FDAF012A27179A3D00215CBC /* ListGiraffeApp.swift */; };
		FDAF012D27179A3D00215CBC /* ContentView.swift in Sources */ = {isa = PBXBuildFile; fileRef = FDAF012C27179A3D00215CBC /* ContentView.swift */; };
		FDAF012F27179A3F00215CBC /* Assets.xcassets in Resources */ = {isa = PBXBuildFile; fileRef = FDAF012E27179A3F00215CBC /* Assets.xcassets */; };
		FDAF013227179A3F00215CBC /* Preview Assets.xcassets in Resources */ = {isa = PBXBuildFile; fileRef = FDAF013127179A3F00215CBC /* Preview Assets.xcassets */; };
		FDAF013D27179A3F00215CBC /* ListGiraffeTests.swift in Sources */ = {isa = PBXBuildFile; fileRef = FDAF013C27179A3F00215CBC /* ListGiraffeTests.swift */; };
		FDAF014827179A3F00215CBC /* ListGiraffeUITests.swift in Sources */ = {isa = PBXBuildFile; fileRef = FDAF014727179A3F00215CBC /* ListGiraffeUITests.swift */; };
/* End PBXBuildFile section */

/* Begin PBXContainerItemProxy section */
		FDAF013927179A3F00215CBC /* PBXContainerItemProxy */ = {
			isa = PBXContainerItemProxy;
			containerPortal = FDAF011F27179A3D00215CBC /* Project object */;
			proxyType = 1;
			remoteGlobalIDString = FDAF012627179A3D00215CBC;
			remoteInfo = ListGiraffe;
		};
		FDAF014427179A3F00215CBC /* PBXContainerItemProxy */ = {
			isa = PBXContainerItemProxy;
			containerPortal = FDAF011F27179A3D00215CBC /* Project object */;
			proxyType = 1;
			remoteGlobalIDString = FDAF012627179A3D00215CBC;
			remoteInfo = ListGiraffe;
		};
/* End PBXContainerItemProxy section */

/* Begin PBXFileReference section */
		FDAF012727179A3D00215CBC /* ListGiraffe.app */ = {isa = PBXFileReference; explicitFileType = wrapper.application; includeInIndex = 0; path = ListGiraffe.app; sourceTree = BUILT_PRODUCTS_DIR; };
		FDAF012A27179A3D00215CBC /* ListGiraffeApp.swift */ = {isa = PBXFileReference; lastKnownFileType = sourcecode.swift; path = ListGiraffeApp.swift; sourceTree = "<group>"; };
		FDAF012C27179A3D00215CBC /* ContentView.swift */ = {isa = PBXFileReference; lastKnownFileType = sourcecode.swift; path = ContentView.swift; sourceTree = "<group>"; };
		FDAF012E27179A3F00215CBC /* Assets.xcassets */ = {isa = PBXFileReference; lastKnownFileType = folder.assetcatalog; path = Assets.xcassets; sourceTree = "<group>"; };
		FDAF013127179A3F00215CBC /* Preview Assets.xcassets */ = {isa = PBXFileReference; lastKnownFileType = folder.assetcatalog; path = "Preview Assets.xcassets"; sourceTree = "<group>"; };
		FDAF013327179A3F00215CBC /* Info.plist */ = {isa = PBXFileReference; lastKnownFileType = text.plist.xml; path = Info.plist; sourceTree = "<group>"; };
		FDAF013827179A3F00215CBC /* ListGiraffeTests.xctest */ = {isa = PBXFileReference; explicitFileType = wrapper.cfbundle; includeInIndex = 0; path = ListGiraffeTests.xctest; sourceTree = BUILT_PRODUCTS_DIR; };
		FDAF013C27179A3F00215CBC /* ListGiraffeTests.swift */ = {isa = PBXFileReference; lastKnownFileType = sourcecode.swift; path = ListGiraffeTests.swift; sourceTree = "<group>"; };
		FDAF013E27179A3F00215CBC /* Info.plist */ = {isa = PBXFileReference; lastKnownFileType = text.plist.xml; path = Info.plist; sourceTree = "<group>"; };
		FDAF014327179A3F00215CBC /* ListGiraffeUITests.xctest */ = {isa = PBXFileReference; explicitFileType = wrapper.cfbundle; includeInIndex = 0; path = ListGiraffeUITests.xctest; sourceTree = BUILT_PRODUCTS_DIR; };
		FDAF014727179A3F00215CBC /* ListGiraffeUITests.swift */ = {isa = PBXFileReference; lastKnownFileType = sourcecode.swift; path = ListGiraffeUITests.swift; sourceTree = "<group>"; };
		FDAF014927179A3F00215CBC /* Info.plist */ = {isa = PBXFileReference; lastKnownFileType = text.plist.xml; path = Info.plist; sourceTree = "<group>"; };
/* End PBXFileReference section */

/* Begin PBXFrameworksBuildPhase section */
		FDAF012427179A3D00215CBC /* Frameworks */ = {
			isa = PBXFrameworksBuildPhase;
			buildActionMask = 2147483647;
			files = (
			);
			runOnlyForDeploymentPostprocessing = 0;
		};
		FDAF013527179A3F00215CBC /* Frameworks */ = {
			isa = PBXFrameworksBuildPhase;
			buildActionMask = 2147483647;
			files = (
			);
			runOnlyForDeploymentPostprocessing = 0;
		};
		FDAF014027179A3F00215CBC /* Frameworks */ = {
			isa = PBXFrameworksBuildPhase;
			buildActionMask = 2147483647;
			files = (
			);
			runOnlyForDeploymentPostprocessing = 0;
		};
/* End PBXFrameworksBuildPhase section */

/* Begin PBXGroup section */
		FDAF011E27179A3D00215CBC = {
			isa = PBXGroup;
			children = (
				FDAF012927179A3D00215CBC /* ListGiraffe */,
				FDAF013B27179A3F00215CBC /* ListGiraffeTests */,
				FDAF014627179A3F00215CBC /* ListGiraffeUITests */,
				FDAF012827179A3D00215CBC /* Products */,
			);
			sourceTree = "<group>";
		};
		FDAF012827179A3D00215CBC /* Products */ = {
			isa = PBXGroup;
			children = (
				FDAF012727179A3D00215CBC /* ListGiraffe.app */,
				FDAF013827179A3F00215CBC /* ListGiraffeTests.xctest */,
				FDAF014327179A3F00215CBC /* ListGiraffeUITests.xctest */,
			);
			name = Products;
			sourceTree = "<group>";
		};
		FDAF012927179A3D00215CBC /* ListGiraffe */ = {
			isa = PBXGroup;
			children = (
				FDAF012A27179A3D00215CBC /* ListGiraffeApp.swift */,
				FDAF012C27179A3D00215CBC /* ContentView.swift */,
				FDAF012E27179A3F00215CBC /* Assets.xcassets */,
				FDAF013327179A3F00215CBC /* Info.plist */,
				FDAF013027179A3F00215CBC /* Preview Content */,
			);
			path = ListGiraffe;
			sourceTree = "<group>";
		};
		FDAF013027179A3F00215CBC /* Preview Content */ = {
			isa = PBXGroup;
			children = (
				FDAF013127179A3F00215CBC /* Preview Assets.xcassets */,
			);
			path = "Preview Content";
			sourceTree = "<group>";
		};
		FDAF013B27179A3F00215CBC /* ListGiraffeTests */ = {
			isa = PBXGroup;
			children = (
				FDAF013C27179A3F00215CBC /* ListGiraffeTests.swift */,
				FDAF013E27179A3F00215CBC /* Info.plist */,
			);
			path = ListGiraffeTests;
			sourceTree = "<group>";
		};
		FDAF014627179A3F00215CBC /* ListGiraffeUITests */ = {
			isa = PBXGroup;
			children = (
				FDAF014727179A3F00215CBC /* ListGiraffeUITests.swift */,
				FDAF014927179A3F00215CBC /* Info.plist */,
			);
			path = ListGiraffeUITests;
			sourceTree = "<group>";
		};
/* End PBXGroup section */

/* Begin PBXNativeTarget section */
		FDAF012627179A3D00215CBC /* ListGiraffe */ = {
			isa = PBXNativeTarget;
			buildConfigurationList = FDAF014C27179A3F00215CBC /* Build configuration list for PBXNativeTarget "ListGiraffe" */;
			buildPhases = (
				FDAF012327179A3D00215CBC /* Sources */,
				FDAF012427179A3D00215CBC /* Frameworks */,
				FDAF012527179A3D00215CBC /* Resources */,
			);
			buildRules = (
			);
			dependencies = (
			);
			name = ListGiraffe;
			productName = ListGiraffe;
			productReference = FDAF012727179A3D00215CBC /* ListGiraffe.app */;
			productType = "com.apple.product-type.application";
		};
		FDAF013727179A3F00215CBC /* ListGiraffeTests */ = {
			isa = PBXNativeTarget;
			buildConfigurationList = FDAF014F27179A3F00215CBC /* Build configuration list for PBXNativeTarget "ListGiraffeTests" */;
			buildPhases = (
				FDAF013427179A3F00215CBC /* Sources */,
				FDAF013527179A3F00215CBC /* Frameworks */,
				FDAF013627179A3F00215CBC /* Resources */,
			);
			buildRules = (
			);
			dependencies = (
				FDAF013A27179A3F00215CBC /* PBXTargetDependency */,
			);
			name = ListGiraffeTests;
			productName = ListGiraffeTests;
			productReference = FDAF013827179A3F00215CBC /* ListGiraffeTests.xctest */;
			productType = "com.apple.product-type.bundle.unit-test";
		};
		FDAF014227179A3F00215CBC /* ListGiraffeUITests */ = {
			isa = PBXNativeTarget;
			buildConfigurationList = FDAF015227179A3F00215CBC /* Build configuration list for PBXNativeTarget "ListGiraffeUITests" */;
			buildPhases = (
				FDAF013F27179A3F00215CBC /* Sources */,
				FDAF014027179A3F00215CBC /* Frameworks */,
				FDAF014127179A3F00215CBC /* Resources */,
			);
			buildRules = (
			);
			dependencies = (
				FDAF014527179A3F00215CBC /* PBXTargetDependency */,
			);
			name = ListGiraffeUITests;
			productName = ListGiraffeUITests;
			productReference = FDAF014327179A3F00215CBC /* ListGiraffeUITests.xctest */;
			productType = "com.apple.product-type.bundle.ui-testing";
		};
/* End PBXNativeTarget section */

/* Begin PBXProject section */
		FDAF011F27179A3D00215CBC /* Project object */ = {
			isa = PBXProject;
			attributes = {
				LastSwiftUpdateCheck = 1250;
				LastUpgradeCheck = 1250;
				TargetAttributes = {
					FDAF012627179A3D00215CBC = {
						CreatedOnToolsVersion = 12.5.1;
					};
					FDAF013727179A3F00215CBC = {
						CreatedOnToolsVersion = 12.5.1;
						TestTargetID = FDAF012627179A3D00215CBC;
					};
					FDAF014227179A3F00215CBC = {
						CreatedOnToolsVersion = 12.5.1;
						TestTargetID = FDAF012627179A3D00215CBC;
					};
				};
			};
			buildConfigurationList = FDAF012227179A3D00215CBC /* Build configuration list for PBXProject "ListGiraffe" */;
			compatibilityVersion = "Xcode 9.3";
			developmentRegion = en;
			hasScannedForEncodings = 0;
			knownRegions = (
				en,
				Base,
			);
			mainGroup = FDAF011E27179A3D00215CBC;
			productRefGroup = FDAF012827179A3D00215CBC /* Products */;
			projectDirPath = "";
			projectRoot = "";
			targets = (
				FDAF012627179A3D00215CBC /* ListGiraffe */,
				FDAF013727179A3F00215CBC /* ListGiraffeTests */,
				FDAF014227179A3F00215CBC /* ListGiraffeUITests */,
			);
		};
/* End PBXProject section */

/* Begin PBXResourcesBuildPhase section */
		FDAF012527179A3D00215CBC /* Resources */ = {
			isa = PBXResourcesBuildPhase;
			buildActionMask = 2147483647;
			files = (
				FDAF013227179A3F00215CBC /* Preview Assets.xcassets in Resources */,
				FDAF012F27179A3F00215CBC /* Assets.xcassets in Resources */,
			);
			runOnlyForDeploymentPostprocessing = 0;
		};
		FDAF013627179A3F00215CBC /* Resources */ = {
			isa = PBXResourcesBuildPhase;
			buildActionMask = 2147483647;
			files = (
			);
			runOnlyForDeploymentPostprocessing = 0;
		};
		FDAF014127179A3F00215CBC /* Resources */ = {
			isa = PBXResourcesBuildPhase;
			buildActionMask = 2147483647;
			files = (
			);
			runOnlyForDeploymentPostprocessing = 0;
		};
/* End PBXResourcesBuildPhase section */

/* Begin PBXSourcesBuildPhase section */
		FDAF012327179A3D00215CBC /* Sources */ = {
			isa = PBXSourcesBuildPhase;
			buildActionMask = 2147483647;
			files = (
				FDAF012D27179A3D00215CBC /* ContentView.swift in Sources */,
				FDAF012B27179A3D00215CBC /* ListGiraffeApp.swift in Sources */,
			);
			runOnlyForDeploymentPostprocessing = 0;
		};
		FDAF013427179A3F00215CBC /* Sources */ = {
			isa = PBXSourcesBuildPhase;
			buildActionMask = 2147483647;
			files = (
				FDAF013D27179A3F00215CBC /* ListGiraffeTests.swift in Sources */,
			);
			runOnlyForDeploymentPostprocessing = 0;
		};
		FDAF013F27179A3F00215CBC /* Sources */ = {
			isa = PBXSourcesBuildPhase;
			buildActionMask = 2147483647;
			files = (
				FDAF014827179A3F00215CBC /* ListGiraffeUITests.swift in Sources */,
			);
			runOnlyForDeploymentPostprocessing = 0;
		};
/* End PBXSourcesBuildPhase section */

/* Begin PBXTargetDependency section */
		FDAF013A27179A3F00215CBC /* PBXTargetDependency */ = {
			isa = PBXTargetDependency;
			target = FDAF012627179A3D00215CBC /* ListGiraffe */;
			targetProxy = FDAF013927179A3F00215CBC /* PBXContainerItemProxy */;
		};
		FDAF014527179A3F00215CBC /* PBXTargetDependency */ = {
			isa = PBXTargetDependency;
			target = FDAF012627179A3D00215CBC /* ListGiraffe */;
			targetProxy = FDAF014427179A3F00215CBC /* PBXContainerItemProxy */;
		};
/* End PBXTargetDependency section */

/* Begin XCBuildConfiguration section */
		FDAF014A27179A3F00215CBC /* Debug */ = {
			isa = XCBuildConfiguration;
			buildSettings = {
				ALWAYS_SEARCH_USER_PATHS = NO;
				CLANG_ANALYZER_NONNULL = YES;
				CLANG_ANALYZER_NUMBER_OBJECT_CONVERSION = YES_AGGRESSIVE;
				CLANG_CXX_LANGUAGE_STANDARD = "gnu++14";
				CLANG_CXX_LIBRARY = "libc++";
				CLANG_ENABLE_MODULES = YES;
				CLANG_ENABLE_OBJC_ARC = YES;
				CLANG_ENABLE_OBJC_WEAK = YES;
				CLANG_WARN_BLOCK_CAPTURE_AUTORELEASING = YES;
				CLANG_WARN_BOOL_CONVERSION = YES;
				CLANG_WARN_COMMA = YES;
				CLANG_WARN_CONSTANT_CONVERSION = YES;
				CLANG_WARN_DEPRECATED_OBJC_IMPLEMENTATIONS = YES;
				CLANG_WARN_DIRECT_OBJC_ISA_USAGE = YES_ERROR;
				CLANG_WARN_DOCUMENTATION_COMMENTS = YES;
				CLANG_WARN_EMPTY_BODY = YES;
				CLANG_WARN_ENUM_CONVERSION = YES;
				CLANG_WARN_INFINITE_RECURSION = YES;
				CLANG_WARN_INT_CONVERSION = YES;
				CLANG_WARN_NON_LITERAL_NULL_CONVERSION = YES;
				CLANG_WARN_OBJC_IMPLICIT_RETAIN_SELF = YES;
				CLANG_WARN_OBJC_LITERAL_CONVERSION = YES;
				CLANG_WARN_OBJC_ROOT_CLASS = YES_ERROR;
				CLANG_WARN_QUOTED_INCLUDE_IN_FRAMEWORK_HEADER = YES;
				CLANG_WARN_RANGE_LOOP_ANALYSIS = YES;
				CLANG_WARN_STRICT_PROTOTYPES = YES;
				CLANG_WARN_SUSPICIOUS_MOVE = YES;
				CLANG_WARN_UNGUARDED_AVAILABILITY = YES_AGGRESSIVE;
				CLANG_WARN_UNREACHABLE_CODE = YES;
				CLANG_WARN__DUPLICATE_METHOD_MATCH = YES;
				COPY_PHASE_STRIP = NO;
				DEBUG_INFORMATION_FORMAT = dwarf;
				ENABLE_STRICT_OBJC_MSGSEND = YES;
				ENABLE_TESTABILITY = YES;
				GCC_C_LANGUAGE_STANDARD = gnu11;
				GCC_DYNAMIC_NO_PIC = NO;
				GCC_NO_COMMON_BLOCKS = YES;
				GCC_OPTIMIZATION_LEVEL = 0;
				GCC_PREPROCESSOR_DEFINITIONS = (
					"DEBUG=1",
					"$(inherited)",
				);
				GCC_WARN_64_TO_32_BIT_CONVERSION = YES;
				GCC_WARN_ABOUT_RETURN_TYPE = YES_ERROR;
				GCC_WARN_UNDECLARED_SELECTOR = YES;
				GCC_WARN_UNINITIALIZED_AUTOS = YES_AGGRESSIVE;
				GCC_WARN_UNUSED_FUNCTION = YES;
				GCC_WARN_UNUSED_VARIABLE = YES;
				IPHONEOS_DEPLOYMENT_TARGET = 14.5;
				MTL_ENABLE_DEBUG_INFO = INCLUDE_SOURCE;
				MTL_FAST_MATH = YES;
				ONLY_ACTIVE_ARCH = YES;
				SDKROOT = iphoneos;
				SWIFT_ACTIVE_COMPILATION_CONDITIONS = DEBUG;
				SWIFT_OPTIMIZATION_LEVEL = "-Onone";
			};
			name = Debug;
		};
		FDAF014B27179A3F00215CBC /* Release */ = {
			isa = XCBuildConfiguration;
			buildSettings = {
				ALWAYS_SEARCH_USER_PATHS = NO;
				CLANG_ANALYZER_NONNULL = YES;
				CLANG_ANALYZER_NUMBER_OBJECT_CONVERSION = YES_AGGRESSIVE;
				CLANG_CXX_LANGUAGE_STANDARD = "gnu++14";
				CLANG_CXX_LIBRARY = "libc++";
				CLANG_ENABLE_MODULES = YES;
				CLANG_ENABLE_OBJC_ARC = YES;
				CLANG_ENABLE_OBJC_WEAK = YES;
				CLANG_WARN_BLOCK_CAPTURE_AUTORELEASING = YES;
				CLANG_WARN_BOOL_CONVERSION = YES;
				CLANG_WARN_COMMA = YES;
				CLANG_WARN_CONSTANT_CONVERSION = YES;
				CLANG_WARN_DEPRECATED_OBJC_IMPLEMENTATIONS = YES;
				CLANG_WARN_DIRECT_OBJC_ISA_USAGE = YES_ERROR;
				CLANG_WARN_DOCUMENTATION_COMMENTS = YES;
				CLANG_WARN_EMPTY_BODY = YES;
				CLANG_WARN_ENUM_CONVERSION = YES;
				CLANG_WARN_INFINITE_RECURSION = YES;
				CLANG_WARN_INT_CONVERSION = YES;
				CLANG_WARN_NON_LITERAL_NULL_CONVERSION = YES;
				CLANG_WARN_OBJC_IMPLICIT_RETAIN_SELF = YES;
				CLANG_WARN_OBJC_LITERAL_CONVERSION = YES;
				CLANG_WARN_OBJC_ROOT_CLASS = YES_ERROR;
				CLANG_WARN_QUOTED_INCLUDE_IN_FRAMEWORK_HEADER = YES;
				CLANG_WARN_RANGE_LOOP_ANALYSIS = YES;
				CLANG_WARN_STRICT_PROTOTYPES = YES;
				CLANG_WARN_SUSPICIOUS_MOVE = YES;
				CLANG_WARN_UNGUARDED_AVAILABILITY = YES_AGGRESSIVE;
				CLANG_WARN_UNREACHABLE_CODE = YES;
				CLANG_WARN__DUPLICATE_METHOD_MATCH = YES;
				COPY_PHASE_STRIP = NO;
				DEBUG_INFORMATION_FORMAT = "dwarf-with-dsym";
				ENABLE_NS_ASSERTIONS = NO;
				ENABLE_STRICT_OBJC_MSGSEND = YES;
				GCC_C_LANGUAGE_STANDARD = gnu11;
				GCC_NO_COMMON_BLOCKS = YES;
				GCC_WARN_64_TO_32_BIT_CONVERSION = YES;
				GCC_WARN_ABOUT_RETURN_TYPE = YES_ERROR;
				GCC_WARN_UNDECLARED_SELECTOR = YES;
				GCC_WARN_UNINITIALIZED_AUTOS = YES_AGGRESSIVE;
				GCC_WARN_UNUSED_FUNCTION = YES;
				GCC_WARN_UNUSED_VARIABLE = YES;
				IPHONEOS_DEPLOYMENT_TARGET = 14.5;
				MTL_ENABLE_DEBUG_INFO = NO;
				MTL_FAST_MATH = YES;
				SDKROOT = iphoneos;
				SWIFT_COMPILATION_MODE = wholemodule;
				SWIFT_OPTIMIZATION_LEVEL = "-O";
				VALIDATE_PRODUCT = YES;
			};
			name = Release;
		};
		FDAF014D27179A3F00215CBC /* Debug */ = {
			isa = XCBuildConfiguration;
			buildSettings = {
				ASSETCATALOG_COMPILER_APPICON_NAME = AppIcon;
				ASSETCATALOG_COMPILER_GLOBAL_ACCENT_COLOR_NAME = AccentColor;
				CODE_SIGN_STYLE = Automatic;
				DEVELOPMENT_ASSET_PATHS = "\"ListGiraffe/Preview Content\"";
				ENABLE_PREVIEWS = YES;
				INFOPLIST_FILE = ListGiraffe/Info.plist;
				IPHONEOS_DEPLOYMENT_TARGET = 14.0;
				LD_RUNPATH_SEARCH_PATHS = (
					"$(inherited)",
					"@executable_path/Frameworks",
				);
				PRODUCT_BUNDLE_IDENTIFIER = zappfoundry.ListGiraffe;
				PRODUCT_NAME = "$(TARGET_NAME)";
				SWIFT_VERSION = 5.0;
				TARGETED_DEVICE_FAMILY = "1,2";
			};
			name = Debug;
		};
		FDAF014E27179A3F00215CBC /* Release */ = {
			isa = XCBuildConfiguration;
			buildSettings = {
				ASSETCATALOG_COMPILER_APPICON_NAME = AppIcon;
				ASSETCATALOG_COMPILER_GLOBAL_ACCENT_COLOR_NAME = AccentColor;
				CODE_SIGN_STYLE = Automatic;
				DEVELOPMENT_ASSET_PATHS = "\"ListGiraffe/Preview Content\"";
				ENABLE_PREVIEWS = YES;
				INFOPLIST_FILE = ListGiraffe/Info.plist;
				IPHONEOS_DEPLOYMENT_TARGET = 14.0;
				LD_RUNPATH_SEARCH_PATHS = (
					"$(inherited)",
					"@executable_path/Frameworks",
				);
				PRODUCT_BUNDLE_IDENTIFIER = zappfoundry.ListGiraffe;
				PRODUCT_NAME = "$(TARGET_NAME)";
				SWIFT_VERSION = 5.0;
				TARGETED_DEVICE_FAMILY = "1,2";
			};
			name = Release;
		};
		FDAF015027179A3F00215CBC /* Debug */ = {
			isa = XCBuildConfiguration;
			buildSettings = {
				ALWAYS_EMBED_SWIFT_STANDARD_LIBRARIES = YES;
				BUNDLE_LOADER = "$(TEST_HOST)";
				CODE_SIGN_STYLE = Automatic;
				INFOPLIST_FILE = ListGiraffeTests/Info.plist;
				IPHONEOS_DEPLOYMENT_TARGET = 14.0;
				LD_RUNPATH_SEARCH_PATHS = (
					"$(inherited)",
					"@executable_path/Frameworks",
					"@loader_path/Frameworks",
				);
				PRODUCT_BUNDLE_IDENTIFIER = zappfoundry.ListGiraffeTests;
				PRODUCT_NAME = "$(TARGET_NAME)";
				SWIFT_VERSION = 5.0;
				TARGETED_DEVICE_FAMILY = "1,2";
				TEST_HOST = "$(BUILT_PRODUCTS_DIR)/ListGiraffe.app/ListGiraffe";
			};
			name = Debug;
		};
		FDAF015127179A3F00215CBC /* Release */ = {
			isa = XCBuildConfiguration;
			buildSettings = {
				ALWAYS_EMBED_SWIFT_STANDARD_LIBRARIES = YES;
				BUNDLE_LOADER = "$(TEST_HOST)";
				CODE_SIGN_STYLE = Automatic;
				INFOPLIST_FILE = ListGiraffeTests/Info.plist;
				IPHONEOS_DEPLOYMENT_TARGET = 14.0;
				LD_RUNPATH_SEARCH_PATHS = (
					"$(inherited)",
					"@executable_path/Frameworks",
					"@loader_path/Frameworks",
				);
				PRODUCT_BUNDLE_IDENTIFIER = zappfoundry.ListGiraffeTests;
				PRODUCT_NAME = "$(TARGET_NAME)";
				SWIFT_VERSION = 5.0;
				TARGETED_DEVICE_FAMILY = "1,2";
				TEST_HOST = "$(BUILT_PRODUCTS_DIR)/ListGiraffe.app/ListGiraffe";
			};
			name = Release;
		};
		FDAF015327179A3F00215CBC /* Debug */ = {
			isa = XCBuildConfiguration;
			buildSettings = {
				ALWAYS_EMBED_SWIFT_STANDARD_LIBRARIES = YES;
				CODE_SIGN_STYLE = Automatic;
				INFOPLIST_FILE = ListGiraffeUITests/Info.plist;
				LD_RUNPATH_SEARCH_PATHS = (
					"$(inherited)",
					"@executable_path/Frameworks",
					"@loader_path/Frameworks",
				);
				PRODUCT_BUNDLE_IDENTIFIER = zappfoundry.ListGiraffeUITests;
				PRODUCT_NAME = "$(TARGET_NAME)";
				SWIFT_VERSION = 5.0;
				TARGETED_DEVICE_FAMILY = "1,2";
				TEST_TARGET_NAME = ListGiraffe;
			};
			name = Debug;
		};
		FDAF015427179A3F00215CBC /* Release */ = {
			isa = XCBuildConfiguration;
			buildSettings = {
				ALWAYS_EMBED_SWIFT_STANDARD_LIBRARIES = YES;
				CODE_SIGN_STYLE = Automatic;
				INFOPLIST_FILE = ListGiraffeUITests/Info.plist;
				LD_RUNPATH_SEARCH_PATHS = (
					"$(inherited)",
					"@executable_path/Frameworks",
					"@loader_path/Frameworks",
				);
				PRODUCT_BUNDLE_IDENTIFIER = zappfoundry.ListGiraffeUITests;
				PRODUCT_NAME = "$(TARGET_NAME)";
				SWIFT_VERSION = 5.0;
				TARGETED_DEVICE_FAMILY = "1,2";
				TEST_TARGET_NAME = ListGiraffe;
			};
			name = Release;
		};
/* End XCBuildConfiguration section */

/* Begin XCConfigurationList section */
		FDAF012227179A3D00215CBC /* Build configuration list for PBXProject "ListGiraffe" */ = {
			isa = XCConfigurationList;
			buildConfigurations = (
				FDAF014A27179A3F00215CBC /* Debug */,
				FDAF014B27179A3F00215CBC /* Release */,
			);
			defaultConfigurationIsVisible = 0;
			defaultConfigurationName = Release;
		};
		FDAF014C27179A3F00215CBC /* Build configuration list for PBXNativeTarget "ListGiraffe" */ = {
			isa = XCConfigurationList;
			buildConfigurations = (
				FDAF014D27179A3F00215CBC /* Debug */,
				FDAF014E27179A3F00215CBC /* Release */,
			);
			defaultConfigurationIsVisible = 0;
			defaultConfigurationName = Release;
		};
		FDAF014F27179A3F00215CBC /* Build configuration list for PBXNativeTarget "ListGiraffeTests" */ = {
			isa = XCConfigurationList;
			buildConfigurations = (
				FDAF015027179A3F00215CBC /* Debug */,
				FDAF015127179A3F00215CBC /* Release */,
			);
			defaultConfigurationIsVisible = 0;
			defaultConfigurationName = Release;
		};
		FDAF015227179A3F00215CBC /* Build configuration list for PBXNativeTarget "ListGiraffeUITests" */ = {
			isa = XCConfigurationList;
			buildConfigurations = (
				FDAF015327179A3F00215CBC /* Debug */,
				FDAF015427179A3F00215CBC /* Release */,
			);
			defaultConfigurationIsVisible = 0;
			defaultConfigurationName = Release;
		};
/* End XCConfigurationList section */
	};
	rootObject = FDAF011F27179A3D00215CBC /* Project object */;
}
